
Microsoft Visual Studio Solution File, Format Version 11.00
# Visual Studio 2010
Project("{FAE04EC0-301F-11D3-BF4B-00C04F79EFBC}") = "Assembly-CSharp", "Assembly-CSharp.csproj", "{B2268334-EF63-E720-A9A2-BCB50BD7B376}"
EndProject
Project("{FAE04EC0-301F-11D3-BF4B-00C04F79EFBC}") = "Assembly-CSharp-Editor", "Assembly-CSharp-Editor.csproj", "{448E2DE5-A2EC-D239-C462-9533515E8519}"
EndProject
Global
	GlobalSection(SolutionConfigurationPlatforms) = preSolution
		Debug|Any CPU = Debug|Any CPU
		Release|Any CPU = Release|Any CPU
	EndGlobalSection
	GlobalSection(ProjectConfigurationPlatforms) = postSolution
		{B2268334-EF63-E720-A9A2-BCB50BD7B376}.Debug|Any CPU.ActiveCfg = Debug|Any CPU
		{B2268334-EF63-E720-A9A2-BCB50BD7B376}.Debug|Any CPU.Build.0 = Debug|Any CPU
		{B2268334-EF63-E720-A9A2-BCB50BD7B376}.Release|Any CPU.ActiveCfg = Release|Any CPU
		{B2268334-EF63-E720-A9A2-BCB50BD7B376}.Release|Any CPU.Build.0 = Release|Any CPU
		{448E2DE5-A2EC-D239-C462-9533515E8519}.Debug|Any CPU.ActiveCfg = Debug|Any CPU
		{448E2DE5-A2EC-D239-C462-9533515E8519}.Debug|Any CPU.Build.0 = Debug|Any CPU
		{448E2DE5-A2EC-D239-C462-9533515E8519}.Release|Any CPU.ActiveCfg = Release|Any CPU
		{448E2DE5-A2EC-D239-C462-9533515E8519}.Release|Any CPU.Build.0 = Release|Any CPU
	EndGlobalSection
	GlobalSection(SolutionProperties) = preSolution
		HideSolutionNode = FALSE
	EndGlobalSection
EndGlobal
